{
  "name": "romlab",
  "version": "0.2.0",
  "lockfileVersion": 3,
  "requires": true,
  "packages": {
    "": {
      "name": "romlab",
      "version": "0.2.0",
      "workspaces": [
        "packages/*"
      ],
      "devDependencies": {
        "@types/node": "^22.10.2",
        "typescript": "~5.7.2"
      },
      "engines": {
        "node": ">=22.5.0"
      }
    },
    "node_modules/@romlab/cli": {
      "resolved": "packages/cli",
      "link": true
    },
    "node_modules/@romlab/core": {
      "resolved": "packages/core",
      "link": true
    },
    "node_modules/@romlab/emulator": {
      "resolved": "packages/emulator",
      "link": true
    },
    "node_modules/@romlab/platform-genesis": {
      "resolved": "packages/platform-genesis",
      "link": true
    },
    "node_modules/@romlab/schema": {
      "resolved": "packages/schema",
      "link": true
    },
    "node_modules/@types/node": {
      "version": "22.20.1",
      "resolved": "https://registry.npmjs.org/@types/node/-/node-22.20.1.tgz",
      "integrity": "sha512-EANqOCF9QFyra+4pfxUcX9STKJpCLjMbObVzljIJomAWSnuSIEAvyzEU53GaajbXJEgdh0iEcPL+DGvpUd4k1Q==",
      "dev": true,
      "license": "MIT",
      "dependencies": {
        "undici-types": "~6.21.0"
      }
    },
    "node_modules/typescript": {
      "version": "5.7.3",
      "resolved": "https://registry.npmjs.org/typescript/-/typescript-5.7.3.tgz",
      "integrity": "sha512-84MVSjMEHP+FQRPy3pX9sTVV/INIex71s9TL2Gm5FG/WG1SqXeKyZ0k7/blY/4FdOzI12CBy1vGc4og/eus0fw==",
      "dev": true,
      "license": "Apache-2.0",
      "bin": {
        "tsc": "bin/tsc",
        "tsserver": "bin/tsserver"
      },
      "engines": {
        "node": ">=14.17"
      }
    },
    "node_modules/undici-types": {
      "version": "6.21.0",
      "resolved": "https://registry.npmjs.org/undici-types/-/undici-types-6.21.0.tgz",
      "integrity": "sha512-iwDZqg0QAGrg9Rav5H4n0M64c3mkR59cJ6wQp+7C4nI0gsmExaedaYLNO44eT4AtBBwjbTiGPMlt2Md0T9H9JQ==",
      "dev": true,
      "license": "MIT"
    },
    "packages/cli": {
      "name": "@romlab/cli",
      "version": "0.2.0",
      "dependencies": {
        "@romlab/core": "0.2.0",
        "@romlab/emulator": "0.2.0",
        "@romlab/platform-genesis": "0.2.0",
        "@romlab/schema": "0.2.0"
      },
      "bin": {
        "romlab": "dist/bin.js"
      }
    },
    "packages/core": {
      "name": "@romlab/core",
      "version": "0.2.0",
      "dependencies": {
        "@romlab/schema": "0.2.0"
      }
    },
    "packages/emulator": {
      "name": "@romlab/emulator",
      "version": "0.2.0",
      "dependencies": {
        "@romlab/core": "0.2.0",
        "@romlab/platform-genesis": "0.2.0",
        "@romlab/schema": "0.2.0"
      }
    },
    "packages/platform-genesis": {
      "name": "@romlab/platform-genesis",
      "version": "0.2.0",
      "dependencies": {
        "@romlab/core": "0.2.0",
        "@romlab/schema": "0.2.0"
      }
    },
    "packages/schema": {
      "name": "@romlab/schema",
      "version": "0.2.0"
    }
  }
}
